{
  "name": "games_1",
  "version": "1.0.0",
  "lockfileVersion": 1,
  "requires": true,
  "dependencies": {
    "bootstrap": {
      "version": "4.4.1",
      "resolved": "https://registry.npmjs.org/bootstrap/-/bootstrap-4.4.1.tgz",
      "integrity": "sha512-tbx5cHubwE6e2ZG7nqM3g/FZ5PQEDMWmMGNrCUBVRPHXTJaH7CBDdsLeu3eCh3B1tzAxTnAbtmrzvWEvT2NNEA=="
    },
    "tachyons": {
      "version": "4.11.1",
      "resolved": "https://registry.npmjs.org/tachyons/-/tachyons-4.11.1.tgz",
      "integrity": "sha512-n5zIZ8i8kZ8vz05vX1BdvkP8b9ufsMeSRmdqTuUtz5rlNxr03nntiZMc/HTADIsPYZj/wZJDJglxV0/yvvaiZA=="
    }
  }
}
